{
  "name": "poker-backend",
  "version": "1.0.0",
  "lockfileVersion": 3,
  "requires": true,
  "packages": {
    "": {
      "name": "poker-backend",
      "version": "1.0.0",
      "license": "ISC",
      "dependencies": {
        "@fastify/cors": "^9.0.1",
        "@prisma/client": "^5.19.1",
        "@supabase/supabase-js": "^2.45.4",
        "crypto": "^1.0.1",
        "dotenv": "^16.4.5",
        "fastify": "^4.28.1",
        "ioredis": "^5.4.1",
        "jsonwebtoken": "^9.0.2",
        "socket.io": "^4.7.5",
        "zod": "^3.23.8"
      },
      "devDependencies": {
        "@playwright/test": "^1.48.2",
        "@types/jsonwebtoken": "^9.0.6",
        "@types/node": "^20.14.12",
        "nodemon": "^3.1.4",
        "prisma": "^5.19.1",
        "ts-node": "^10.9.2",
        "typescript": "^5.5.4",
        "vitest": "^1.6.0",
        "ws": "^8.18.0"
      }
    },
    "node_modules/@cspotcode/source-map-support": {
      "version": "0.8.1",
      "resolved": "https://registry.npmjs.org/@cspotcode/source-map-support/-/source-map-support-0.8.1.tgz",
      "integrity": "sha512-IchNf6dN4tHoMFIn/7OE8LWZ19Y6q/67Bmf6vnGREv8RSbBVb9LPJxEcnwrcwX6ixSvaiGoomAUvu4YSxXrVgw==",
      "dev": true,
      "dependencies": {
        "@jridgewell/trace-mapping": "0.3.9"
      },
      "engines": {
        "node": ">=12"
      }
    },
    "node_modules/@esbuild/aix-ppc64": {
      "version": "0.21.5",
      "resolved": "https://registry.npmjs.org/@esbuild/aix-ppc64/-/aix-ppc64-0.21.5.tgz",
      "integrity": "sha512-1SDgH6ZSPTlggy1yI6+Dbkiz8xzpHJEVAlF/AM1tHPLsf5STom9rwtjE4hKAF20FfXXNTFqEYXyJNWh1GiZedQ==",
      "cpu": [
        "ppc64"
      ],
      "dev": true,
      "optional": true,
      "os": [
        "aix"
      ],
      "engines": {
        "node": ">=12"
      }
    },
    "node_modules/@esbuild/android-arm": {
      "version": "0.21.5",
      "resolved": "https://registry.npmjs.org/@esbuild/android-arm/-/android-arm-0.21.5.tgz",
      "integrity": "sha512-vCPvzSjpPHEi1siZdlvAlsPxXl7WbOVUBBAowWug4rJHb68Ox8KualB+1ocNvT5fjv6wpkX6o/iEpbDrf68zcg==",
      "cpu": [
        "arm"
      ],
      "dev": true,
      "optional": true,
      "os": [
        "android"
      ],
      "engines": {
        "node": ">=12"
      }
    },
    "node_modules/@esbuild/android-arm64": {
      "version": "0.21.5",
      "resolved": "https://registry.npmjs.org/@esbuild/android-arm64/-/android-arm64-0.21.5.tgz",
      "integrity": "sha512-c0uX9VAUBQ7dTDCjq+wdyGLowMdtR/GoC2U5IYk/7D1H1JYC0qseD7+11iMP2mRLN9RcCMRcjC4YMclCzGwS/A==",
      "cpu": [
        "arm64"
      ],
      "dev": true,
      "optional": true,
      "os": [
        "android"
      ],
      "engines": {
        "node": ">=12"
      }
    },
    "node_modules/@esbuild/android-x64": {
      "version": "0.21.5",
      "resolved": "https://registry.npmjs.org/@esbuild/android-x64/-/android-x64-0.21.5.tgz",
      "integrity": "sha512-D7aPRUUNHRBwHxzxRvp856rjUHRFW1SdQATKXH2hqA0kAZb1hKmi02OpYRacl0TxIGz/ZmXWlbZgjwWYaCakTA==",
      "cpu": [
        "x64"
      ],
      "dev": true,
      "optional": true,
      "os": [
        "android"
      ],
      "engines": {
        "node": ">=12"
      }
    },
    "node_modules/@esbuild/darwin-arm64": {
      "version": "0.21.5",
      "resolved": "https://registry.npmjs.org/@esbuild/darwin-arm64/-/darwin-arm64-0.21.5.tgz",
      "integrity": "sha512-DwqXqZyuk5AiWWf3UfLiRDJ5EDd49zg6O9wclZ7kUMv2WRFr4HKjXp/5t8JZ11QbQfUS6/cRCKGwYhtNAY88kQ==",
      "cpu": [
        "arm64"
      ],
      "dev": true,
      "optional": true,
      "os": [
        "darwin"
      ],
      "engines": {
        "node": ">=12"
      }
    },
    "node_modules/@esbuild/darwin-x64": {
      "version": "0.21.5",
      "resolved": "https://registry.npmjs.org/@esbuild/darwin-x64/-/darwin-x64-0.21.5.tgz",
      "integrity": "sha512-LvGuS0s7t+Rdlemu+cCpk0kL9WkHDX2nIar6iqPrHjE+iQtsuI4GRyR8BCSeO+K+hd6tO5gk6jsu97wrhBP+Hg==",
      "cpu": [
        "x64"
      ],
      "dev": true,
      "optional": true,
      "os": [
        "darwin"
      ],
      "engines": {
        "node": ">=12"
      }
    },
    "node_modules/@esbuild/freebsd-arm64": {
      "version": "0.21.5",
      "resolved": "https://registry.npmjs.org/@esbuild/freebsd-arm64/-/freebsd-arm64-0.21.5.tgz",
      "integrity": "sha512-2JyyxgQtb/G9WDZjWlx/V6H7K3p+IPD+aUdMb0qeBaLOdomQy5pc1n15btPa2CXD0ZkTY6Uab32Q2CobrGUdyg==",
      "cpu": [
        "arm64"
      ],
      "dev": true,
      "optional": true,
      "os": [
        "freebsd"
      ],
      "engines": {
        "node": ">=12"
      }
    },
    "node_modules/@esbuild/freebsd-x64": {
      "version": "0.21.5",
      "resolved": "https://registry.npmjs.org/@esbuild/freebsd-x64/-/freebsd-x64-0.21.5.tgz",
      "integrity": "sha512-J95XRXvaXL+3uHlPp+97DhnnWfosWSSiKRFsC9FMnkdNiWkxC/m+iuGfzuyIHpCH1r4DM5c5DYxwXBJI+JX0QA==",
      "cpu": [
        "x64"
      ],
      "dev": true,
      "optional": true,
      "os": [
        "freebsd"
      ],
      "engines": {
        "node": ">=12"
      }
    },
    "node_modules/@esbuild/linux-arm": {
      "version": "0.21.5",
      "resolved": "https://registry.npmjs.org/@esbuild/linux-arm/-/linux-arm-0.21.5.tgz",
      "integrity": "sha512-bPb5AHZtbeNGjCKVZ9UGqGwo8EUu4cPQR0s8m0gcZrbW+XzxnSLxEaI0Q8qfcjgS1/l7cf9/9QDhYQud4nRZCQ==",
      "cpu": [
        "arm"
      ],
      "dev": true,
      "optional": true,
      "os": [
        "linux"
      ],
      "engines": {
        "node": ">=12"
      }
    },
    "node_modules/@esbuild/linux-arm64": {
      "version": "0.21.5",
      "resolved": "https://registry.npmjs.org/@esbuild/linux-arm64/-/linux-arm64-0.21.5.tgz",
      "integrity": "sha512-2zuswBmM4bGS0svSE+/pQwB9bbTt8ZZrZ7wDCO8lCLN+l1HtgQx7URCITE9Rx4+XXWkoJC4NbCu/OGsJNAPn6g==",
      "cpu": [
        "arm64"
      ],
      "dev": true,
      "optional": true,
      "os": [
        "linux"
      ],
      "engines": {
        "node": ">=12"
      }
    },
    "node_modules/@esbuild/linux-ia32": {
      "version": "0.21.5",
      "resolved": "https://registry.npmjs.org/@esbuild/linux-ia32/-/linux-ia32-0.21.5.tgz",
      "integrity": "sha512-YvjXDqLRqPDl2dv2nm+NwYWfkgH/2RdLwzJ4mQm3Dnsbq5+YqoFn5CF2+1tWFmUgmKNShKFpTU6Ji8aAyj9S1w==",
      "cpu": [
        "ia32"
      ],
      "dev": true,
      "optional": true,
      "os": [
        "linux"
      ],
      "engines": {
        "node": ">=12"
      }
    },
    "node_modules/@esbuild/linux-loong64": {
      "version": "0.21.5",
      "resolved": "https://registry.npmjs.org/@esbuild/linux-loong64/-/linux-loong64-0.21.5.tgz",
      "integrity": "sha512-u0fA7g7ZRc8LBbnJbz/3BTmacZdjQ1pHxwNHbSfsVMWPYMYW7Imbok8s0qBaj8cobK7TUozFLERfJm0U8slFGA==",
      "cpu": [
        "loong64"
      ],
      "dev": true,
      "optional": true,
      "os": [
        "linux"
      ],
      "engines": {
        "node": ">=12"
      }
    },
    "node_modules/@esbuild/linux-mips64el": {
      "version": "0.21.5",
      "resolved": "https://registry.npmjs.org/@esbuild/linux-mips64el/-/linux-mips64el-0.21.5.tgz",
      "integrity": "sha512-ZyHbFW91IhrnKLRIld21zwSI8nKp57jCf5FKHf+idjNVeiiXsQFcP+0xNBrbMhEfMquqbjsmXk2RqsXfHUz13Q==",
      "cpu": [
        "mips64el"
      ],
      "dev": true,
      "optional": true,
      "os": [
        "linux"
      ],
      "engines": {
        "node": ">=12"
      }
    },
    "node_modules/@esbuild/linux-ppc64": {
      "version": "0.21.5",
      "resolved": "https://registry.npmjs.org/@esbuild/linux-ppc64/-/linux-ppc64-0.21.5.tgz",
      "integrity": "sha512-1Bg3QgzW9P4CcQkVWnHgzcWBgV5c0ZSPZzco+V1YWiH6J1JgjDZrYc+Jk27AfeqxlCWYxhAbStwP3HLdVfNdXg==",
      "cpu": [
        "ppc64"
      ],
      "dev": true,
      "optional": true,
      "os": [
        "linux"
      ],
      "engines": {
        "node": ">=12"
      }
    },
    "node_modules/@esbuild/linux-riscv64": {
      "version": "0.21.5",
      "resolved": "https://registry.npmjs.org/@esbuild/linux-riscv64/-/linux-riscv64-0.21.5.tgz",
      "integrity": "sha512-5tZZ/hLIfB1XcQ+0Vbn9NKFBt46vU6kzCJy6orSAKXF3nPuz/Jf+YicxM70dM6gPHT6R60f+0mvX5evJ+kl+3Q==",
      "cpu": [
        "riscv64"
      ],
      "dev": true,
      "optional": true,
      "os": [
        "linux"
      ],
      "engines": {
        "node": ">=12"
      }
    },
    "node_modules/@esbuild/linux-s390x": {
      "version": "0.21.5",
      "resolved": "https://registry.npmjs.org/@esbuild/linux-s390x/-/linux-s390x-0.21.5.tgz",
      "integrity": "sha512-zus5sxzqBJD3cS9GK1EYgS7PwjpmIGTaMPlotsweuKB4tofOlJ+Qa7cJ/yem9VavcM4Q529/GwYnaPi5sFY4Mg==",
      "cpu": [
        "s390x"
      ],
      "dev": true,
      "optional": true,
      "os": [
        "linux"
      ],
      "engines": {
        "node": ">=12"
      }
    },
    "node_modules/@esbuild/linux-x64": {
      "version": "0.21.5",
      "resolved": "https://registry.npmjs.org/@esbuild/linux-x64/-/linux-x64-0.21.5.tgz",
      "integrity": "sha512-1rYdTpyv03iycF1+BhzrzNxbnV6FOfGmSNZc18ZNKbrA5MNihws6+ojuFqA6x70vXaP+I5Yhu4KviLFcTI31wg==",
      "cpu": [
        "x64"
      ],
      "dev": true,
      "optional": true,
      "os": [
        "linux"
      ],
      "engines": {
        "node": ">=12"
      }
    },
    "node_modules/@esbuild/netbsd-x64": {
      "version": "0.21.5",
      "resolved": "https://registry.npmjs.org/@esbuild/netbsd-x64/-/netbsd-x64-0.21.5.tgz",
      "integrity": "sha512-Woi2MXzXjMULccIwMnLciyXoYtEA9PJ0gqnyshHBnfk4z3isI7DPcBHYiczvf2bS0ib57f0fj5rK3mjUt7S3Lg==",
      "cpu": [
        "x64"
      ],
      "dev": true,
      "optional": true,
      "os": [
        "netbsd"
      ],
      "engines": {
        "node": ">=12"
      }
    },
    "node_modules/@esbuild/openbsd-x64": {
      "version": "0.21.5",
      "resolved": "https://registry.npmjs.org/@esbuild/openbsd-x64/-/openbsd-x64-0.21.5.tgz",
      "integrity": "sha512-HLNNw99xsvx12lFBUwoT5JsJvW7V5SqsrbQIpIef2IN2hnTCnRe6DwNbauPsTstJfzJ9n+sxuTWUMJIMyxqERA==",
      "cpu": [
        "x64"
      ],
      "dev": true,
      "optional": true,
      "os": [
        "openbsd"
      ],
      "engines": {
        "node": ">=12"
      }
    },
    "node_modules/@esbuild/sunos-x64": {
      "version": "0.21.5",
      "resolved": "https://registry.npmjs.org/@esbuild/sunos-x64/-/sunos-x64-0.21.5.tgz",
      "integrity": "sha512-orCzUhVo15Nvnhjc74mwZsGmnuI+rEZ2LvzqGqB1J2plBkcpU3YunG52vCLnZACs5zPXsTcEXoUo0rMq5G12uQ==",
      "cpu": [
        "x64"
      ],
      "dev": true,
      "optional": true,
      "os": [
        "sunos"
      ],
      "engines": {
        "node": ">=12"
      }
    },
    "node_modules/@esbuild/win32-arm64": {
      "version": "0.21.5",
      "resolved": "https://registry.npmjs.org/@esbuild/win32-arm64/-/win32-arm64-0.21.5.tgz",
      "integrity": "sha512-ZD9wXO2Y3cOnxaO7cYXlzPZjhRfbq5OCpVLPUKfF1pDGxFC76AZr3sicjRnRIYJdbQs7zlRmr1bS7cMG+cX+wQ==",
      "cpu": [
        "arm64"
      ],
      "dev": true,
      "optional": true,
      "os": [
        "win32"
      ],
      "engines": {
        "node": ">=12"
      }
    },
    "node_modules/@esbuild/win32-ia32": {
      "version": "0.21.5",
      "resolved": "https://registry.npmjs.org/@esbuild/win32-ia32/-/win32-ia32-0.21.5.tgz",
      "integrity": "sha512-SwYxDk1T3qUWT0Wj3sK1LeGvFwjNhTX5rBT0MVomtxQZc6Q+3J+UfYxVtGZTj1qDddgHN1pi5Fu0Pp2k0MQ2w==",
      "cpu": [
        "ia32"
      ],
      "dev": true,
      "optional": true,
      "os": [
        "win32"
      ],
      "engines": {
        "node": ">=12"
      }
    },
    "node_modules/@esbuild/win32-x64": {
      "version": "0.21.5",
      "resolved": "https://registry.npmjs.org/@esbuild/win32-x64/-/win32-x64-0.21.5.tgz",
      "integrity": "sha512-tfNcmTEfK4+yGzzJOx8P2P8y5avbY5Q7J2AH7JiiOjOGQOyChZGijc6Cw/Q/vseIAjmks2aUs8Wz+2l9n/hhiw==",
      "cpu": [
        "x64"
      ],
      "dev": true,
      "optional": true,
      "os": [
        "win32"
      ],
      "engines": {
        "node": ">=12"
      }
    },
    "node_modules/@fastify/ajv-compiler": {
      "version": "3.6.0",
      "resolved": "https://registry.npmjs.org/@fastify/ajv-compiler/-/ajv-compiler-3.6.0.tgz",
      "integrity": "sha512-2V9A+17R/6UlsLJdKlQ7oJY/5K0+m2LFol7kGdduSJInmYjpxmEeG7ywYFEzDonm3aimiI7q6e4SsGGvA9GYvg==",
      "dev": true,
      "dependencies": {
        "ajv": "^8.11.0"
      },
      "engines": {
        "node": ">=14"
      }
    },
    "node_modules/@fastify/ajv-compiler/node_modules/ajv": {
      "version": "8.17.1",
      "resolved": "https://registry.npmjs.org/ajv/-/ajv-8.17.1.tgz",
      "integrity": "sha512-B/gBuNg5SiMTrPkC+A2+cCpmxSj5n6a9QyzFKRz4g4f3zFYH+zNSb2+QH7BIZo6AXPA4PP4bL8/VWbEPLKOnuQ==",
      "dev": true,
      "dependencies": {
        "fast-deep-equal": "^3.1.3",
        "fast-uri": "^2.1.0",
        "json-schema-traverse": "^1.0.0",
        "require-from-string": "^2.0.2",
        "uri-js": "^4.2.2"
      },
      "funding": {
        "type": "github",
        "url": "https://github.com/sponsors/epoberezkin"
      },
      "bin": {
        "ajv": "dist/bin/ajv.js"
      },
      "exports": {
        "import": "./dist/ajv.bundle.js",
        "require": "./dist/ajv.bundle.js"
      }
    },
    "node_modules/@fastify/cors": {
      "version": "9.0.1",
      "resolved": "https://registry.npmjs.org/@fastify/cors/-/cors-9.0.1.tgz",
      "integrity": "sha512-4RSXYpFltgfiE7oFrBB1X6XL6wdj44tELbJgON3GwTUqaG+5vau8xDC36mdqBgcSw67Pn4hNvYqKNCU9PJfADg==",
      "dependencies": {
        "fastify-plugin": "^4.0.0",
        "mnemonist": "^0.40.0"
      },
      "engines": {
        "node": ">=14"
      }
    },
    ...
}
